
Microsoft Visual Studio Solution File, Format Version 12.00
# Visual Studio 14
VisualStudioVersion = 14.0.24720.0
MinimumVisualStudioVersion = 10.0.40219.1
Project("{FAE04EC0-301F-11D3-BF4B-00C04F79EFBC}") = "DotRacesAdministration", "DotRacesAdministration\DotRacesAdministration.csproj", "{391FFD0B-C8BA-4132-AAD5-C4BC8C3640A6}"
EndProject
Global
	GlobalSection(SolutionConfigurationPlatforms) = preSolution
		Debug|Any CPU = Debug|Any CPU
		Release|Any CPU = Release|Any CPU
	EndGlobalSection
	GlobalSection(ProjectConfigurationPlatforms) = postSolution
		{391FFD0B-C8BA-4132-AAD5-C4BC8C3640A6}.Debug|Any CPU.ActiveCfg = Debug|Any CPU
		{391FFD0B-C8BA-4132-AAD5-C4BC8C3640A6}.Debug|Any CPU.Build.0 = Debug|Any CPU
		{391FFD0B-C8BA-4132-AAD5-C4BC8C3640A6}.Release|Any CPU.ActiveCfg = Release|Any CPU
		{391FFD0B-C8BA-4132-AAD5-C4BC8C3640A6}.Release|Any CPU.Build.0 = Release|Any CPU
	EndGlobalSection
	GlobalSection(SolutionProperties) = preSolution
		HideSolutionNode = FALSE
	EndGlobalSection
EndGlobal
